{
    "_meta": {
        "hash": {
            "sha256": "76a0fbf425a3d16fa0bc8f7c4d5929140f38bf8d30b68907eac85ffd03c7b754"
        },
        "pipfile-spec": 6,
        "requires": {
            "python_version": "3"
        },
        "sources": [
            {
                "name": "pypi",
                "url": "https://pypi.org/simple",
                "verify_ssl": true
            }
        ]
    },
    "default": {
        "appdirs": {
            "hashes": [
                "sha256:7d5d0167b2b1ba821647616af46a749d1c653740dd0d2415100fe26e27afdf41",
                "sha256:a841dacd6b99318a741b166adb07e19ee71a274450e68237b4650ca1055ab128"
            ],
            "version": "==1.4.4"
        },
        "asgiref": {
            "hashes": [
                "sha256:2f8abc20f7248433085eda803936d98992f1343ddb022065779f37c5da0181d0",
                "sha256:88d59c13d634dcffe0510be048210188edd79aeccb6a6c9028cdad6f31d730a9"
            ],
            "markers": "python_version >= '3.7'",
            "version": "==3.5.0"
        },
        "confusable-homoglyphs": {
            "hashes": [
                "sha256:3b4a0d9fa510669498820c91a0bfc0c327568cecec90648cf3819d4a6fc6a751",
                "sha256:e3ce611028d882b74a5faa69e3cbb5bd4dcd9f69936da6e73d33eda42c917944"
            ],
            "version": "==3.2.0"
        },
        "django": {
            "hashes": [
                "sha256:51284300f1522ffcdb07ccbdf676a307c6678659e1284f0618e5a774127a6a08",
                "sha256:e22c9266da3eec7827737cde57694d7db801fedac938d252bf27377cec06ed1b"
            ],
            "index": "pypi",
            "version": "==3.2.9"
        },
        "django-configurations": {
            "hashes": [
                "sha256:0f0761dff057d1629746bcf2486e83566c42b7b2ea0b29a85698de9b3558cf0d",
                "sha256:16d89074492e8174fcf99fc4f20bcd24ad85d8349402647efcfbe1572cf2c855"
            ],
            "index": "pypi",
            "version": "==2.3"
        },
        "django-friendly-tag-loader": {
            "hashes": [
                "sha256:31592807245eef51ba9b71ca7f7aaa31b3fb618b5598d3026caeb1a386e1289a"
            ],
            "index": "pypi",
            "version": "==1.3.1"
        },
        "django-registration": {
            "hashes": [
                "sha256:2ea8c7d89a8760ccde41dfd335aa28ba89073d09aab5a0f5f3d7c8c148fcc518",
                "sha256:e79fdbfa22bfaf4182efccb6604391391a7de19438d2669c5b9520a7708efbd2"
            ],
            "index": "pypi",
            "version": "==3.2"
        },
        "django-widget-tweaks": {
            "hashes": [
                "sha256:19bcb66a4a9e68493ced04e7124882d753c5be517ed001556f9e35a40147f545",
                "sha256:d6c64fbf92cd2df9031f597c1374982233c05a1190d295c39d1c57ce007569c7"
            ],
            "index": "pypi",
            "version": "==1.4.9"
        },
        "djangorestframework": {
            "hashes": [
                "sha256:6d1d59f623a5ad0509fe0d6bfe93cbdfe17b8116ebc8eda86d45f6e16e819aaf",
                "sha256:f747949a8ddac876e879190df194b925c177cdeb725a099db1460872f7c0a7f2"
            ],
            "index": "pypi",
            "version": "==3.12.4"
        },
        "fasteners": {
            "hashes": [
                "sha256:8408e52656455977053871990bd25824d85803b9417aa348f10ba29ef0c751f7",
                "sha256:b1ab4e5adfbc28681ce44b3024421c4f567e705cc3963c732bf1cba3348307de"
            ],
            "index": "pypi",
            "version": "==0.16.3"
        },
        "fs": {
            "hashes": [
                "sha256:1d10cc8f9c55fbcf7b23775289a13f6796dca7acd5a135c379f49e87a56a7230",
                "sha256:caab4dc1561d63c92f36ee78976f6a4a01381830d8420ce34a78d4f1bb1dc95f"
            ],
            "index": "pypi",
            "version": "==2.4.13"
        },
        "pillow": {
            "hashes": [
                "sha256:011233e0c42a4a7836498e98c1acf5e744c96a67dd5032a6f666cc1fb97eab97",
                "sha256:0f29d831e2151e0b7b39981756d201f7108d3d215896212ffe2e992d06bfe049",
                "sha256:12875d118f21cf35604176872447cdb57b07126750a33748bac15e77f90f1f9c",
                "sha256:14d4b1341ac07ae07eb2cc682f459bec932a380c3b122f5540432d8977e64eae",
                "sha256:1c3c33ac69cf059bbb9d1a71eeaba76781b450bc307e2291f8a4764d779a6b28",
                "sha256:1d19397351f73a88904ad1aee421e800fe4bbcd1aeee6435fb62d0a05ccd1030",
                "sha256:253e8a302a96df6927310a9d44e6103055e8fb96a6822f8b7f514bb7ef77de56",
                "sha256:2632d0f846b7c7600edf53c48f8f9f1e13e62f66a6dbc15191029d950bfed976",
                "sha256:335ace1a22325395c4ea88e00ba3dc89ca029bd66bd5a3c382d53e44f0ccd77e",
                "sha256:413ce0bbf9fc6278b2d63309dfeefe452835e1c78398efb431bab0672fe9274e",
                "sha256:5100b45a4638e3c00e4d2320d3193bdabb2d75e79793af7c3eb139e4f569f16f",
                "sha256:514ceac913076feefbeaf89771fd6febde78b0c4c1b23aaeab082c41c694e81b",
                "sha256:528a2a692c65dd5cafc130de286030af251d2ee0483a5bf50c9348aefe834e8a",
                "sha256:6295f6763749b89c994fcb6d8a7f7ce03c3992e695f89f00b741b4580b199b7e",
                "sha256:6c8bc8238a7dfdaf7a75f5ec5a663f4173f8c367e5a39f87e720495e1eed75fa",
                "sha256:718856856ba31f14f13ba885ff13874be7fefc53984d2832458f12c38205f7f7",
                "sha256:7f7609a718b177bf171ac93cea9fd2ddc0e03e84d8fa4e887bdfc39671d46b00",
                "sha256:80ca33961ced9c63358056bd08403ff866512038883e74f3a4bf88ad3eb66838",
                "sha256:80fe64a6deb6fcfdf7b8386f2cf216d329be6f2781f7d90304351811fb591360",
                "sha256:81c4b81611e3a3cb30e59b0cf05b888c675f97e3adb2c8672c3154047980726b",
                "sha256:855c583f268edde09474b081e3ddcd5cf3b20c12f26e0d434e1386cc5d318e7a",
                "sha256:9bfdb82cdfeccec50aad441afc332faf8606dfa5e8efd18a6692b5d6e79f00fd",
                "sha256:a5d24e1d674dd9d72c66ad3ea9131322819ff86250b30dc5821cbafcfa0b96b4",
                "sha256:a9f44cd7e162ac6191491d7249cceb02b8116b0f7e847ee33f739d7cb1ea1f70",
                "sha256:b5b3f092fe345c03bca1e0b687dfbb39364b21ebb8ba90e3fa707374b7915204",
                "sha256:b9618823bd237c0d2575283f2939655f54d51b4527ec3972907a927acbcc5bfc",
                "sha256:cef9c85ccbe9bee00909758936ea841ef12035296c748aaceee535969e27d31b",
                "sha256:d21237d0cd37acded35154e29aec853e945950321dd2ffd1a7d86fe686814669",
                "sha256:d3c5c79ab7dfce6d88f1ba639b77e77a17ea33a01b07b99840d6ed08031cb2a7",
                "sha256:d9d7942b624b04b895cb95af03a23407f17646815495ce4547f0e60e0b06f58e",
                "sha256:db6d9fac65bd08cea7f3540b899977c6dee9edad959fa4eaf305940d9cbd861c",
                "sha256:ede5af4a2702444a832a800b8eb7f0a7a1c0eed55b644642e049c98d589e5092",
                "sha256:effb7749713d5317478bb3acb3f81d9d7c7f86726d41c1facca068a04cf5bb4c",
                "sha256:f154d173286a5d1863637a7dcd8c3437bb557520b01bddb0be0258dcb72696b5",
                "sha256:f25ed6e28ddf50de7e7ea99d7a976d6a9c415f03adcaac9c41ff6ff41b6d86ac"
            ],
            "index": "pypi",
            "version": "==9.0.1"
        },
        "psycopg2-binary": {
            "hashes": [
                "sha256:0b7dae87f0b729922e06f85f667de7bf16455d411971b2043bbd9577af9d1975",
                "sha256:0f2e04bd2a2ab54fa44ee67fe2d002bb90cee1c0f1cc0ebc3148af7b02034cbd",
                "sha256:123c3fb684e9abfc47218d3784c7b4c47c8587951ea4dd5bc38b6636ac57f616",
                "sha256:1473c0215b0613dd938db54a653f68251a45a78b05f6fc21af4326f40e8360a2",
                "sha256:14db1752acdd2187d99cb2ca0a1a6dfe57fc65c3281e0f20e597aac8d2a5bd90",
                "sha256:1e3a362790edc0a365385b1ac4cc0acc429a0c0d662d829a50b6ce743ae61b5a",
                "sha256:1e85b74cbbb3056e3656f1cc4781294df03383127a8114cbc6531e8b8367bf1e",
                "sha256:1f6ca4a9068f5c5c57e744b4baa79f40e83e3746875cac3c45467b16326bab45",
                "sha256:20f1ab44d8c352074e2d7ca67dc00843067788791be373e67a0911998787ce7d",
                "sha256:24b0b6688b9f31a911f2361fe818492650795c9e5d3a1bc647acbd7440142a4f",
                "sha256:2f62c207d1740b0bde5c4e949f857b044818f734a3d57f1d0d0edc65050532ed",
                "sha256:3242b9619de955ab44581a03a64bdd7d5e470cc4183e8fcadd85ab9d3756ce7a",
                "sha256:35c4310f8febe41f442d3c65066ca93cccefd75013df3d8c736c5b93ec288140",
                "sha256:4235f9d5ddcab0b8dbd723dca56ea2922b485ea00e1dafacf33b0c7e840b3d32",
                "sha256:542875f62bc56e91c6eac05a0deadeae20e1730be4c6334d8f04c944fcd99759",
                "sha256:5ced67f1e34e1a450cdb48eb53ca73b60aa0af21c46b9b35ac3e581cf9f00e31",
                "sha256:661509f51531ec125e52357a489ea3806640d0ca37d9dada461ffc69ee1e7b6e",
                "sha256:7360647ea04db2e7dff1648d1da825c8cf68dc5fbd80b8fb5b3ee9f068dcd21a",
                "sha256:736b8797b58febabb85494142c627bd182b50d2a7ec65322983e71065ad3034c",
                "sha256:8c13d72ed6af7fd2c8acbd95661cf9477f94e381fce0792c04981a8283b52917",
                "sha256:988b47ac70d204aed01589ed342303da7c4d84b56c2f4c4b8b00deda123372bf",
                "sha256:995fc41ebda5a7a663a254a1dcac52638c3e847f48307b5416ee373da15075d7",
                "sha256:a36c7eb6152ba5467fb264d73844877be8b0847874d4822b7cf2d3c0cb8cdcb0",
                "sha256:aed4a9a7e3221b3e252c39d0bf794c438dc5453bc2963e8befe9d4cd324dff72",
                "sha256:aef9aee84ec78af51107181d02fe8773b100b01c5dfde351184ad9223eab3698",
                "sha256:b0221ca5a9837e040ebf61f48899926b5783668b7807419e4adae8175a31f773",
                "sha256:b4d7679a08fea64573c969f6994a2631908bb2c0e69a7235648642f3d2e39a68",
                "sha256:c250a7ec489b652c892e4f0a5d122cc14c3780f9f643e1a326754aedf82d9a76",
                "sha256:ca86db5b561b894f9e5f115d6a159fff2a2570a652e07889d8a383b5fae66eb4",
                "sha256:cfc523edecddaef56f6740d7de1ce24a2fdf94fd5e704091856a201872e37f9f",
                "sha256:d92272c7c16e105788efe2cfa5d680f07e34e0c29b03c1908f8636f55d5f915a",
                "sha256:da113b70f6ec40e7d81b43d1b139b9db6a05727ab8be1ee559f3a69854a69d34",
                "sha256:ebccf1123e7ef66efc615a68295bf6fdba875a75d5bba10a05073202598085fc",
                "sha256:f6fac64a38f6768e7bc7b035b9e10d8a538a9fadce06b983fb3e6fa55ac5f5ce",
                "sha256:f8559617b1fcf59a9aedba2c9838b5b6aa211ffedecabca412b92a1ff75aac1a",
                "sha256:fbb42a541b1093385a2d8c7eec94d26d30437d0e77c1d25dae1dcc46741a385e"
            ],
            "index": "pypi",
            "version": "==2.9.1"
        },
        "pytz": {
            "hashes": [
                "sha256:3672058bc3453457b622aab7a1c3bfd5ab0bdae451512f6cf25f64ed37f5b87c",
                "sha256:acad2d8b20a1af07d4e4c9d2e9285c5ed9104354062f275f3fcd88dcef4f1326"
            ],
            "version": "==2021.3"
        },
        "setuptools": {
            "hashes": [
                "sha256:2347b2b432c891a863acadca2da9ac101eae6169b1d3dfee2ec605ecd50dbfe5",
                "sha256:e4f30b9f84e5ab3decf945113119649fec09c1fc3507c6ebffec75646c56e62b"
            ],
            "markers": "python_version >= '3.7'",
            "version": "==60.9.3"
        },
        "six": {
            "hashes": [
                "sha256:1e61c37477a1626458e36f7b1d82aa5c9b094fa4802892072e49de9c60c4c926",
                "sha256:8abb2f1d86890a2dfb989f9a77cfcfd3e47c2a354b01111771326f8aa26e0254"
            ],
            "markers": "python_version >= '2.7' and python_version not in '3.0, 3.1, 3.2, 3.3'",
            "version": "==1.16.0"
        },
        "sqlparse": {
            "hashes": [
                "sha256:0c00730c74263a94e5a9919ade150dfc3b19c574389985446148402998287dae",
                "sha256:48719e356bb8b42991bdbb1e8b83223757b93789c00910a616a071910ca4a64d"
            ],
            "markers": "python_version >= '3.5'",
            "version": "==0.4.2"
        }
    },
    "develop": {}
}
