# THIS IS AN AUTOGENERATED FILE. DO NOT EDIT THIS FILE DIRECTLY.
# yarn lockfile v1


bootstrap@^4.2.1:
  version "4.2.1"
  resolved "https://registry.yarnpkg.com/bootstrap/-/bootstrap-4.2.1.tgz#8f8bdca024dbf0e8644da32e918c8a03a90a5757"
  integrity sha512-tt/7vIv3Gm2mnd/WeDx36nfGGHleil0Wg8IeB7eMrVkY0fZ5iTaBisSh8oNANc2IBsCc6vCgCNTIM/IEN0+50Q==
